
Microsoft Visual Studio Solution File, Format Version 12.00
Project("{FAE04EC0-301F-11D3-BF4B-00C04F79EFBC}") = "Lab02Lenguajes-AFND", "Lab02Lenguajes-AFND\Lab02Lenguajes-AFND.csproj", "{0FDEE629-6D72-4EA5-8DA2-1FFBA5BBEFB6}"
EndProject
Global
	GlobalSection(SolutionConfigurationPlatforms) = preSolution
		Debug|Any CPU = Debug|Any CPU
		Release|Any CPU = Release|Any CPU
	EndGlobalSection
	GlobalSection(ProjectConfigurationPlatforms) = postSolution
		{0FDEE629-6D72-4EA5-8DA2-1FFBA5BBEFB6}.Debug|Any CPU.ActiveCfg = Debug|Any CPU
		{0FDEE629-6D72-4EA5-8DA2-1FFBA5BBEFB6}.Debug|Any CPU.Build.0 = Debug|Any CPU
		{0FDEE629-6D72-4EA5-8DA2-1FFBA5BBEFB6}.Release|Any CPU.ActiveCfg = Release|Any CPU
		{0FDEE629-6D72-4EA5-8DA2-1FFBA5BBEFB6}.Release|Any CPU.Build.0 = Release|Any CPU
	EndGlobalSection
EndGlobal
